
Microsoft Visual Studio Solution File, Format Version 12.00
# Visual Studio Version 17
VisualStudioVersion = 17.2.32630.192
MinimumVisualStudioVersion = 10.0.40219.1
Project("{FAE04EC0-301F-11D3-BF4B-00C04F79EFBC}") = "StuntGPEditor", "StuntGPEditor\StuntGPEditor.csproj", "{AA8014CB-0DB1-4908-AA15-96CF1145746F}"
EndProject
Global
	GlobalSection(SolutionConfigurationPlatforms) = preSolution
		Debug|Any CPU = Debug|Any CPU
		Release|Any CPU = Release|Any CPU
	EndGlobalSection
	GlobalSection(ProjectConfigurationPlatforms) = postSolution
		{AA8014CB-0DB1-4908-AA15-96CF1145746F}.Debug|Any CPU.ActiveCfg = Debug|Any CPU
		{AA8014CB-0DB1-4908-AA15-96CF1145746F}.Debug|Any CPU.Build.0 = Debug|Any CPU
		{AA8014CB-0DB1-4908-AA15-96CF1145746F}.Release|Any CPU.ActiveCfg = Release|Any CPU
		{AA8014CB-0DB1-4908-AA15-96CF1145746F}.Release|Any CPU.Build.0 = Release|Any CPU
	EndGlobalSection
	GlobalSection(SolutionProperties) = preSolution
		HideSolutionNode = FALSE
	EndGlobalSection
	GlobalSection(ExtensibilityGlobals) = postSolution
		SolutionGuid = {21031961-5644-400A-BF3C-49545AE0AA9C}
	EndGlobalSection
EndGlobal
